{
  "requires": true,
  "lockfileVersion": 1,
  "dependencies": {
    "umbrellajs": {
      "version": "3.2.3",
      "resolved": "https://registry.npmjs.org/umbrellajs/-/umbrellajs-3.2.3.tgz",
      "integrity": "sha512-iqk8tR1hxyJiFPQG3Eslv129ZKwNuh96sjCnS1NXo2KzBBFxYc7/EdZVJZE/MPEjyR/vFEFIwBxzvr40yOgfAw=="
    }
  }
}
